
Microsoft Visual Studio Solution File, Format Version 12.00
# Visual Studio 14
VisualStudioVersion = 14.0.25420.1
MinimumVisualStudioVersion = 10.0.40219.1
Project("{FAE04EC0-301F-11D3-BF4B-00C04F79EFBC}") = "OAuth2 Practice", "OAuth2 Practice\OAuth2 Practice.csproj", "{E72FE915-2D4F-41C8-984A-5EDCBE2E8106}"
EndProject
Global
	GlobalSection(SolutionConfigurationPlatforms) = preSolution
		Debug|Any CPU = Debug|Any CPU
		Release|Any CPU = Release|Any CPU
	EndGlobalSection
	GlobalSection(ProjectConfigurationPlatforms) = postSolution
		{E72FE915-2D4F-41C8-984A-5EDCBE2E8106}.Debug|Any CPU.ActiveCfg = Debug|Any CPU
		{E72FE915-2D4F-41C8-984A-5EDCBE2E8106}.Debug|Any CPU.Build.0 = Debug|Any CPU
		{E72FE915-2D4F-41C8-984A-5EDCBE2E8106}.Release|Any CPU.ActiveCfg = Release|Any CPU
		{E72FE915-2D4F-41C8-984A-5EDCBE2E8106}.Release|Any CPU.Build.0 = Release|Any CPU
	EndGlobalSection
	GlobalSection(SolutionProperties) = preSolution
		HideSolutionNode = FALSE
	EndGlobalSection
EndGlobal
